
Microsoft Visual Studio Solution File, Format Version 12.00
# Visual Studio Version 17
VisualStudioVersion = 17.4.33213.308
MinimumVisualStudioVersion = 10.0.40219.1
Project("{FAE04EC0-301F-11D3-BF4B-00C04F79EFBC}") = "Dz1_3DModels", "Dz1_3DModels\Dz1_3DModels.csproj", "{4C3A8A95-AB59-4576-A434-6E7A70972462}"
EndProject
Global
	GlobalSection(SolutionConfigurationPlatforms) = preSolution
		Debug|Any CPU = Debug|Any CPU
		Release|Any CPU = Release|Any CPU
	EndGlobalSection
	GlobalSection(ProjectConfigurationPlatforms) = postSolution
		{4C3A8A95-AB59-4576-A434-6E7A70972462}.Debug|Any CPU.ActiveCfg = Debug|Any CPU
		{4C3A8A95-AB59-4576-A434-6E7A70972462}.Debug|Any CPU.Build.0 = Debug|Any CPU
		{4C3A8A95-AB59-4576-A434-6E7A70972462}.Release|Any CPU.ActiveCfg = Release|Any CPU
		{4C3A8A95-AB59-4576-A434-6E7A70972462}.Release|Any CPU.Build.0 = Release|Any CPU
	EndGlobalSection
	GlobalSection(SolutionProperties) = preSolution
		HideSolutionNode = FALSE
	EndGlobalSection
	GlobalSection(ExtensibilityGlobals) = postSolution
		SolutionGuid = {17485D15-DE5D-4BC6-9866-0A0BAD78329F}
	EndGlobalSection
EndGlobal
